
Microsoft Visual Studio Solution File, Format Version 12.00
# Visual Studio Version 16
VisualStudioVersion = 16.0.29519.181
MinimumVisualStudioVersion = 10.0.40219.1
Project("{FAE04EC0-301F-11D3-BF4B-00C04F79EFBC}") = "EquaioniLibrary", "EquaioniLibrary\EquaioniLibrary.csproj", "{4E0CBA32-2F3A-4401-A604-8F6BC32FCF4C}"
EndProject
Project("{FAE04EC0-301F-11D3-BF4B-00C04F79EFBC}") = "CalcoliCombinatori.Test", "CalcoliCombinatori.Test\CalcoliCombinatori.Test.csproj", "{3A199B43-D1D6-45ED-902C-266BDF553DF1}"
EndProject
Global
	GlobalSection(SolutionConfigurationPlatforms) = preSolution
		Debug|Any CPU = Debug|Any CPU
		Release|Any CPU = Release|Any CPU
	EndGlobalSection
	GlobalSection(ProjectConfigurationPlatforms) = postSolution
		{4E0CBA32-2F3A-4401-A604-8F6BC32FCF4C}.Debug|Any CPU.ActiveCfg = Debug|Any CPU
		{4E0CBA32-2F3A-4401-A604-8F6BC32FCF4C}.Debug|Any CPU.Build.0 = Debug|Any CPU
		{4E0CBA32-2F3A-4401-A604-8F6BC32FCF4C}.Release|Any CPU.ActiveCfg = Release|Any CPU
		{4E0CBA32-2F3A-4401-A604-8F6BC32FCF4C}.Release|Any CPU.Build.0 = Release|Any CPU
		{3A199B43-D1D6-45ED-902C-266BDF553DF1}.Debug|Any CPU.ActiveCfg = Debug|Any CPU
		{3A199B43-D1D6-45ED-902C-266BDF553DF1}.Debug|Any CPU.Build.0 = Debug|Any CPU
		{3A199B43-D1D6-45ED-902C-266BDF553DF1}.Release|Any CPU.ActiveCfg = Release|Any CPU
		{3A199B43-D1D6-45ED-902C-266BDF553DF1}.Release|Any CPU.Build.0 = Release|Any CPU
	EndGlobalSection
	GlobalSection(SolutionProperties) = preSolution
		HideSolutionNode = FALSE
	EndGlobalSection
	GlobalSection(ExtensibilityGlobals) = postSolution
		SolutionGuid = {A12E2A67-C108-4084-A802-7374C2D8ABF8}
	EndGlobalSection
EndGlobal
